metadata:
  version: "1.0"
artifacts:
  - download_url: "https://github.com/protocolbuffers/protobuf/releases/download/v29.3/protoc-29.3-linux-x86_64.zip"
    filename: "protoc-29.3-linux-x86_64.zip"
    checksum: "sha256:3e866620c5be27664f3d2fa2d656b5f3e09b5152b42f1bedbf427b333e90021a"
  - download_url: "https://github.com/protocolbuffers/protobuf/releases/download/v29.3/protoc-29.3-linux-aarch_64.zip"
    filename: "protoc-29.3-linux-aarch_64.zip"
    checksum: "sha256:6427349140e01f06e049e707a58709a4f221ae73ab9a0425bc4a00c8d0e1ab32"
  - download_url: "https://github.com/protocolbuffers/protobuf/releases/download/v29.3/protoc-29.3-linux-s390_64.zip"
    filename: "protoc-29.3-linux-s390_64.zip"
    checksum: "sha256:637857fdbab0b1334bdb2b08733f0be49685e693011b6104809491ac62fbd4d5"
  - download_url: "https://github.com/protocolbuffers/protobuf/releases/download/v29.3/protoc-29.3-linux-ppcle_64.zip"
    filename: "protoc-29.3-linux-ppcle_64.zip"
    checksum: "sha256:0e9894ec2e3992b14d183e7ceac16465d6a6ee73e1d234695d80e6d1e947014c"
